{
  "name": "router",
  "lockfileVersion": 3,
  "requires": true,
  "packages": {
    "": {
      "name": "router",
      "dependencies": {
        "jsonwebtoken": "^9.0.2",
        "uni-config-center": "file:../../../uni_modules/uni-config-center/uniCloud/cloudfunctions/common/uni-config-center",
        "uni-id-common": "file:../../../uni_modules/uni-id-common/uniCloud/cloudfunctions/common/uni-id-common",
        "wmSdk": "file:../common/wmSdk"
      }
    },
    "../../../uni_modules/uni-config-center/uniCloud/cloudfunctions/common/uni-config-center": {
      "version": "0.0.3",
      "license": "Apache-2.0"
    },
    "../../../uni_modules/uni-id-common/uniCloud/cloudfunctions/common/uni-id-common": {
      "version": "1.0.17",
      "license": "Apache-2.0",
      "dependencies": {
        "uni-config-center": "file:../../../../../uni-config-center/uniCloud/cloudfunctions/common/uni-config-center"
      }
    },
    "../common/wmSdk": {
      "version": "1.0.0",
      "license": "ISC",
      "dependencies": {
        "casbin": "^5.30.0",
        "js-logger": "^1.6.1",
        "jsonwebtoken": "^9.0.2",
        "uni-config-center": "file:../../../../uni_modules/uni-config-center/uniCloud/cloudfunctions/common/uni-config-center",
        "uni-id-common": "file:../../../../uni_modules/uni-id-common/uniCloud/cloudfunctions/common/uni-id-common"
      }
    },
    "../common/wmSdk/node_modules/await-lock": {
      "version": "2.2.2",
      "license": "MIT"
    },
    "../common/wmSdk/node_modules/balanced-match": {
      "version": "1.0.2",
      "license": "MIT"
    },
    "../common/wmSdk/node_modules/base64-js": {
      "version": "1.5.1",
      "funding": [
        {
          "type": "github",
          "url": "https://github.com/sponsors/feross"
        },
        {
          "type": "patreon",
          "url": "https://www.patreon.com/feross"
        },
        {
          "type": "consulting",
          "url": "https://feross.org/support"
        }
      ],
      "license": "MIT"
    },
    "../common/wmSdk/node_modules/brace-expansion": {
      "version": "2.0.1",
      "license": "MIT",
      "dependencies": {
        "balanced-match": "^1.0.0"
      }
    },
    "../common/wmSdk/node_modules/buffer": {
      "version": "6.0.3",
      "funding": [
        {
          "type": "github",
          "url": "https://github.com/sponsors/feross"
        },
        {
          "type": "patreon",
          "url": "https://www.patreon.com/feross"
        },
        {
          "type": "consulting",
          "url": "https://feross.org/support"
        }
      ],
      "license": "MIT",
      "dependencies": {
        "base64-js": "^1.3.1",
        "ieee754": "^1.2.1"
      }
    },
    "../common/wmSdk/node_modules/buffer-equal-constant-time": {
      "version": "1.0.1",
      "license": "BSD-3-Clause"
    },
    "../common/wmSdk/node_modules/casbin": {
      "version": "5.30.0",
      "license": "Apache-2.0",
      "dependencies": {
        "await-lock": "^2.0.1",
        "buffer": "^6.0.3",
        "csv-parse": "^5.3.5",
        "expression-eval": "^5.0.0",
        "minimatch": "^7.4.2"
      }
    },
    "../common/wmSdk/node_modules/csv-parse": {
      "version": "5.5.6",
      "license": "MIT"
    },
    "../common/wmSdk/node_modules/ecdsa-sig-formatter": {
      "version": "1.0.11",
      "license": "Apache-2.0",
      "dependencies": {
        "safe-buffer": "^5.0.1"
      }
    },
    "../common/wmSdk/node_modules/expression-eval": {
      "version": "5.0.1",
      "license": "MIT",
      "dependencies": {
        "jsep": "^0.3.0"
      }
    },
    "../common/wmSdk/node_modules/ieee754": {
      "version": "1.2.1",
      "funding": [
        {
          "type": "github",
          "url": "https://github.com/sponsors/feross"
        },
        {
          "type": "patreon",
          "url": "https://www.patreon.com/feross"
        },
        {
          "type": "consulting",
          "url": "https://feross.org/support"
        }
      ],
      "license": "BSD-3-Clause"
    },
    "../common/wmSdk/node_modules/js-logger": {
      "version": "1.6.1",
      "license": "MIT"
    },
    "../common/wmSdk/node_modules/jsep": {
      "version": "0.3.5",
      "license": "MIT",
      "engines": {
        "node": ">= 6.0.0"
      }
    },
    "../common/wmSdk/node_modules/jsonwebtoken": {
      "version": "9.0.2",
      "license": "MIT",
      "dependencies": {
        "jws": "^3.2.2",
        "lodash.includes": "^4.3.0",
        "lodash.isboolean": "^3.0.3",
        "lodash.isinteger": "^4.0.4",
        "lodash.isnumber": "^3.0.3",
        "lodash.isplainobject": "^4.0.6",
        "lodash.isstring": "^4.0.1",
        "lodash.once": "^4.0.0",
        "ms": "^2.1.1",
        "semver": "^7.5.4"
      },
      "engines": {
        "node": ">=12",
        "npm": ">=6"
      }
    },
    "../common/wmSdk/node_modules/jwa": {
      "version": "1.4.1",
      "license": "MIT",
      "dependencies": {
        "buffer-equal-constant-time": "1.0.1",
        "ecdsa-sig-formatter": "1.0.11",
        "safe-buffer": "^5.0.1"
      }
    },
    "../common/wmSdk/node_modules/jws": {
      "version": "3.2.2",
      "license": "MIT",
      "dependencies": {
        "jwa": "^1.4.1",
        "safe-buffer": "^5.0.1"
      }
    },
    "../common/wmSdk/node_modules/lodash.includes": {
      "version": "4.3.0",
      "license": "MIT"
    },
    "../common/wmSdk/node_modules/lodash.isboolean": {
      "version": "3.0.3",
      "license": "MIT"
    },
    "../common/wmSdk/node_modules/lodash.isinteger": {
      "version": "4.0.4",
      "license": "MIT"
    },
    "../common/wmSdk/node_modules/lodash.isnumber": {
      "version": "3.0.3",
      "license": "MIT"
    },
    "../common/wmSdk/node_modules/lodash.isplainobject": {
      "version": "4.0.6",
      "license": "MIT"
    },
    "../common/wmSdk/node_modules/lodash.isstring": {
      "version": "4.0.1",
      "license": "MIT"
    },
    "../common/wmSdk/node_modules/lodash.once": {
      "version": "4.1.1",
      "license": "MIT"
    },
    "../common/wmSdk/node_modules/minimatch": {
      "version": "7.4.6",
      "license": "ISC",
      "dependencies": {
        "brace-expansion": "^2.0.1"
      },
      "engines": {
        "node": ">=10"
      },
      "funding": {
        "url": "https://github.com/sponsors/isaacs"
      }
    },
    "../common/wmSdk/node_modules/ms": {
      "version": "2.1.3",
      "license": "MIT"
    },
    "../common/wmSdk/node_modules/safe-buffer": {
      "version": "5.2.1",
      "funding": [
        {
          "type": "github",
          "url": "https://github.com/sponsors/feross"
        },
        {
          "type": "patreon",
          "url": "https://www.patreon.com/feross"
        },
        {
          "type": "consulting",
          "url": "https://feross.org/support"
        }
      ],
      "license": "MIT"
    },
    "../common/wmSdk/node_modules/semver": {
      "version": "7.6.3",
      "license": "ISC",
      "bin": {
        "semver": "bin/semver.js"
      },
      "engines": {
        "node": ">=10"
      }
    },
    "node_modules/buffer-equal-constant-time": {
      "version": "1.0.1",
      "license": "BSD-3-Clause"
    },
    "node_modules/ecdsa-sig-formatter": {
      "version": "1.0.11",
      "license": "Apache-2.0",
      "dependencies": {
        "safe-buffer": "^5.0.1"
      }
    },
    "node_modules/jsonwebtoken": {
      "version": "9.0.2",
      "license": "MIT",
      "dependencies": {
        "jws": "^3.2.2",
        "lodash.includes": "^4.3.0",
        "lodash.isboolean": "^3.0.3",
        "lodash.isinteger": "^4.0.4",
        "lodash.isnumber": "^3.0.3",
        "lodash.isplainobject": "^4.0.6",
        "lodash.isstring": "^4.0.1",
        "lodash.once": "^4.0.0",
        "ms": "^2.1.1",
        "semver": "^7.5.4"
      },
      "engines": {
        "node": ">=12",
        "npm": ">=6"
      }
    },
    "node_modules/jwa": {
      "version": "1.4.1",
      "license": "MIT",
      "dependencies": {
        "buffer-equal-constant-time": "1.0.1",
        "ecdsa-sig-formatter": "1.0.11",
        "safe-buffer": "^5.0.1"
      }
    },
    "node_modules/jws": {
      "version": "3.2.2",
      "license": "MIT",
      "dependencies": {
        "jwa": "^1.4.1",
        "safe-buffer": "^5.0.1"
      }
    },
    "node_modules/lodash.includes": {
      "version": "4.3.0",
      "license": "MIT"
    },
    "node_modules/lodash.isboolean": {
      "version": "3.0.3",
      "license": "MIT"
    },
    "node_modules/lodash.isinteger": {
      "version": "4.0.4",
      "license": "MIT"
    },
    "node_modules/lodash.isnumber": {
      "version": "3.0.3",
      "license": "MIT"
    },
    "node_modules/lodash.isplainobject": {
      "version": "4.0.6",
      "license": "MIT"
    },
    "node_modules/lodash.isstring": {
      "version": "4.0.1",
      "license": "MIT"
    },
    "node_modules/lodash.once": {
      "version": "4.1.1",
      "license": "MIT"
    },
    "node_modules/ms": {
      "version": "2.1.3",
      "license": "MIT"
    },
    "node_modules/safe-buffer": {
      "version": "5.2.1",
      "funding": [
        {
          "type": "github",
          "url": "https://github.com/sponsors/feross"
        },
        {
          "type": "patreon",
          "url": "https://www.patreon.com/feross"
        },
        {
          "type": "consulting",
          "url": "https://feross.org/support"
        }
      ],
      "license": "MIT"
    },
    "node_modules/semver": {
      "version": "7.6.3",
      "license": "ISC",
      "bin": {
        "semver": "bin/semver.js"
      },
      "engines": {
        "node": ">=10"
      }
    },
    "node_modules/uni-config-center": {
      "resolved": "../../../uni_modules/uni-config-center/uniCloud/cloudfunctions/common/uni-config-center",
      "link": true
    },
    "node_modules/uni-id-common": {
      "resolved": "../../../uni_modules/uni-id-common/uniCloud/cloudfunctions/common/uni-id-common",
      "link": true
    },
    "node_modules/wmSdk": {
      "resolved": "../common/wmSdk",
      "link": true
    }
  }
}
